// !$*UTF8*$!
{
	archiveVersion = 1;
	classes = {
	};
	objectVersion = 46;
	objects = {

/* Begin PBXBuildFile section */
		C60394A51B7508F900D79FA7 /* AppDelegate.swift in Sources */ = {isa = PBXBuildFile; fileRef = C60394A41B7508F900D79FA7 /* AppDelegate.swift */; };
		C60394A71B7508F900D79FA7 /* ViewController.swift in Sources */ = {isa = PBXBuildFile; fileRef = C60394A61B7508F900D79FA7 /* ViewController.swift */; };
		C60394AA1B7508F900D79FA7 /* Main.storyboard in Resources */ = {isa = PBXBuildFile; fileRef = C60394A81B7508F900D79FA7 /* Main.storyboard */; };
		C60394AC1B7508F900D79FA7 /* Images.xcassets in Resources */ = {isa = PBXBuildFile; fileRef = C60394AB1B7508F900D79FA7 /* Images.xcassets */; };
		C60394AF1B7508F900D79FA7 /* LaunchScreen.xib in Resources */ = {isa = PBXBuildFile; fileRef = C60394AD1B7508F900D79FA7 /* LaunchScreen.xib */; };
		C60394BB1B7508F900D79FA7 /* CustomScrollViewTests.swift in Sources */ = {isa = PBXBuildFile; fileRef = C60394BA1B7508F900D79FA7 /* CustomScrollViewTests.swift */; };
		C687C1321B7665D4006005E9 /* img1.png in Resources */ = {isa = PBXBuildFile; fileRef = C687C12F1B7665D4006005E9 /* img1.png */; };
		C687C1331B7665D4006005E9 /* img2.png in Resources */ = {isa = PBXBuildFile; fileRef = C687C1301B7665D4006005E9 /* img2.png */; };
		C687C1341B7665D4006005E9 /* img3.png in Resources */ = {isa = PBXBuildFile; fileRef = C687C1311B7665D4006005E9 /* img3.png */; };
/* End PBXBuildFile section */

/* Begin PBXContainerItemProxy section */
		C60394B51B7508F900D79FA7 /* PBXContainerItemProxy */ = {
			isa = PBXContainerItemProxy;
			containerPortal = C60394971B7508F900D79FA7 /* Project object */;
			proxyType = 1;
			remoteGlobalIDString = C603949E1B7508F900D79FA7;
			remoteInfo = CustomScrollView;
		};
/* End PBXContainerItemProxy section */

/* Begin PBXFileReference section */
		C603949F1B7508F900D79FA7 /* CustomScrollView.app */ = {isa = PBXFileReference; explicitFileType = wrapper.application; includeInIndex = 0; path = CustomScrollView.app; sourceTree = BUILT_PRODUCTS_DIR; };
		C60394A31B7508F900D79FA7 /* Info.plist */ = {isa = PBXFileReference; lastKnownFileType = text.plist.xml; path = Info.plist; sourceTree = "<group>"; };
		C60394A41B7508F900D79FA7 /* AppDelegate.swift */ = {isa = PBXFileReference; lastKnownFileType = sourcecode.swift; path = AppDelegate.swift; sourceTree = "<group>"; };
		C60394A61B7508F900D79FA7 /* ViewController.swift */ = {isa = PBXFileReference; lastKnownFileType = sourcecode.swift; path = ViewController.swift; sourceTree = "<group>"; };
		C60394A91B7508F900D79FA7 /* Base */ = {isa = PBXFileReference; lastKnownFileType = file.storyboard; name = Base; path = Base.lproj/Main.storyboard; sourceTree = "<group>"; };
		C60394AB1B7508F900D79FA7 /* Images.xcassets */ = {isa = PBXFileReference; lastKnownFileType = folder.assetcatalog; path = Images.xcassets; sourceTree = "<group>"; };
		C60394AE1B7508F900D79FA7 /* Base */ = {isa = PBXFileReference; lastKnownFileType = file.xib; name = Base; path = Base.lproj/LaunchScreen.xib; sourceTree = "<group>"; };
		C60394B41B7508F900D79FA7 /* CustomScrollViewTests.xctest */ = {isa = PBXFileReference; explicitFileType = wrapper.cfbundle; includeInIndex = 0; path = CustomScrollViewTests.xctest; sourceTree = BUILT_PRODUCTS_DIR; };
		C60394B91B7508F900D79FA7 /* Info.plist */ = {isa = PBXFileReference; lastKnownFileType = text.plist.xml; path = Info.plist; sourceTree = "<group>"; };
		C60394BA1B7508F900D79FA7 /* CustomScrollViewTests.swift */ = {isa = PBXFileReference; lastKnownFileType = sourcecode.swift; path = CustomScrollViewTests.swift; sourceTree = "<group>"; };
		C687C12F1B7665D4006005E9 /* img1.png */ = {isa = PBXFileReference; lastKnownFileType = image.png; path = img1.png; sourceTree = "<group>"; };
		C687C1301B7665D4006005E9 /* img2.png */ = {isa = PBXFileReference; lastKnownFileType = image.png; path = img2.png; sourceTree = "<group>"; };
		C687C1311B7665D4006005E9 /* img3.png */ = {isa = PBXFileReference; lastKnownFileType = image.png; path = img3.png; sourceTree = "<group>"; };
/* End PBXFileReference section */

/* Begin PBXFrameworksBuildPhase section */
		C603949C1B7508F900D79FA7 /* Frameworks */ = {
			isa = PBXFrameworksBuildPhase;
			buildActionMask = 2147483647;
			files = (
			);
			runOnlyForDeploymentPostprocessing = 0;
		};
		C60394B11B7508F900D79FA7 /* Frameworks */ = {
			isa = PBXFrameworksBuildPhase;
			buildActionMask = 2147483647;
			files = (
			);
			runOnlyForDeploymentPostprocessing = 0;
		};
/* End PBXFrameworksBuildPhase section */

/* Begin PBXGroup section */
		C60394961B7508F900D79FA7 = {
			isa = PBXGroup;
			children = (
				C60394A11B7508F900D79FA7 /* CustomScrollView */,
				C60394B71B7508F900D79FA7 /* CustomScrollViewTests */,
				C60394A01B7508F900D79FA7 /* Products */,
			);
			sourceTree = "<group>";
		};
		C60394A01B7508F900D79FA7 /* Products */ = {
			isa = PBXGroup;
			children = (
				C603949F1B7508F900D79FA7 /* CustomScrollView.app */,
				C60394B41B7508F900D79FA7 /* CustomScrollViewTests.xctest */,
			);
			name = Products;
			sourceTree = "<group>";
		};
		C60394A11B7508F900D79FA7 /* CustomScrollView */ = {
			isa = PBXGroup;
			children = (
				C60394A41B7508F900D79FA7 /* AppDelegate.swift */,
				C60394A61B7508F900D79FA7 /* ViewController.swift */,
				C60394A81B7508F900D79FA7 /* Main.storyboard */,
				C60394AB1B7508F900D79FA7 /* Images.xcassets */,
				C687C12F1B7665D4006005E9 /* img1.png */,
				C687C1301B7665D4006005E9 /* img2.png */,
				C687C1311B7665D4006005E9 /* img3.png */,
				C60394AD1B7508F900D79FA7 /* LaunchScreen.xib */,
				C60394A21B7508F900D79FA7 /* Supporting Files */,
			);
			path = CustomScrollView;
			sourceTree = "<group>";
		};
		C60394A21B7508F900D79FA7 /* Supporting Files */ = {
			isa = PBXGroup;
			children = (
				C60394A31B7508F900D79FA7 /* Info.plist */,
			);
			name = "Supporting Files";
			sourceTree = "<group>";
		};
		C60394B71B7508F900D79FA7 /* CustomScrollViewTests */ = {
			isa = PBXGroup;
			children = (
				C60394BA1B7508F900D79FA7 /* CustomScrollViewTests.swift */,
				C60394B81B7508F900D79FA7 /* Supporting Files */,
			);
			path = CustomScrollViewTests;
			sourceTree = "<group>";
		};
		C60394B81B7508F900D79FA7 /* Supporting Files */ = {
			isa = PBXGroup;
			children = (
				C60394B91B7508F900D79FA7 /* Info.plist */,
			);
			name = "Supporting Files";
			sourceTree = "<group>";
		};
/* End PBXGroup section */

/* Begin PBXNativeTarget section */
		C603949E1B7508F900D79FA7 /* CustomScrollView */ = {
			isa = PBXNativeTarget;
			buildConfigurationList = C60394BE1B7508F900D79FA7 /* Build configuration list for PBXNativeTarget "CustomScrollView" */;
			buildPhases = (
				C603949B1B7508F900D79FA7 /* Sources */,
				C603949C1B7508F900D79FA7 /* Frameworks */,
				C603949D1B7508F900D79FA7 /* Resources */,
			);
			buildRules = (
			);
			dependencies = (
			);
			name = CustomScrollView;
			productName = CustomScrollView;
			productReference = C603949F1B7508F900D79FA7 /* CustomScrollView.app */;
			productType = "com.apple.product-type.application";
		};
		C60394B31B7508F900D79FA7 /* CustomScrollViewTests */ = {
			isa = PBXNativeTarget;
			buildConfigurationList = C60394C11B7508F900D79FA7 /* Build configuration list for PBXNativeTarget "CustomScrollViewTests" */;
			buildPhases = (
				C60394B01B7508F900D79FA7 /* Sources */,
				C60394B11B7508F900D79FA7 /* Frameworks */,
				C60394B21B7508F900D79FA7 /* Resources */,
			);
			buildRules = (
			);
			dependencies = (
				C60394B61B7508F900D79FA7 /* PBXTargetDependency */,
			);
			name = CustomScrollViewTests;
			productName = CustomScrollViewTests;
			productReference = C60394B41B7508F900D79FA7 /* CustomScrollViewTests.xctest */;
			productType = "com.apple.product-type.bundle.unit-test";
		};
/* End PBXNativeTarget section */

/* Begin PBXProject section */
		C60394971B7508F900D79FA7 /* Project object */ = {
			isa = PBXProject;
			attributes = {
				LastUpgradeCheck = 0640;
				ORGANIZATIONNAME = zhangliang;
				TargetAttributes = {
					C603949E1B7508F900D79FA7 = {
						CreatedOnToolsVersion = 6.4;
					};
					C60394B31B7508F900D79FA7 = {
						CreatedOnToolsVersion = 6.4;
						TestTargetID = C603949E1B7508F900D79FA7;
					};
				};
			};
			buildConfigurationList = C603949A1B7508F900D79FA7 /* Build configuration list for PBXProject "CustomScrollView" */;
			compatibilityVersion = "Xcode 3.2";
			developmentRegion = English;
			hasScannedForEncodings = 0;
			knownRegions = (
				en,
				Base,
			);
			mainGroup = C60394961B7508F900D79FA7;
			productRefGroup = C60394A01B7508F900D79FA7 /* Products */;
			projectDirPath = "";
			projectRoot = "";
			targets = (
				C603949E1B7508F900D79FA7 /* CustomScrollView */,
				C60394B31B7508F900D79FA7 /* CustomScrollViewTests */,
			);
		};
/* End PBXProject section */

/* Begin PBXResourcesBuildPhase section */
		C603949D1B7508F900D79FA7 /* Resources */ = {
			isa = PBXResourcesBuildPhase;
			buildActionMask = 2147483647;
			files = (
				C60394AA1B7508F900D79FA7 /* Main.storyboard in Resources */,
				C687C1331B7665D4006005E9 /* img2.png in Resources */,
				C687C1321B7665D4006005E9 /* img1.png in Resources */,
				C60394AF1B7508F900D79FA7 /* LaunchScreen.xib in Resources */,
				C60394AC1B7508F900D79FA7 /* Images.xcassets in Resources */,
				C687C1341B7665D4006005E9 /* img3.png in Resources */,
			);
			runOnlyForDeploymentPostprocessing = 0;
		};
		C60394B21B7508F900D79FA7 /* Resources */ = {
			isa = PBXResourcesBuildPhase;
			buildActionMask = 2147483647;
			files = (
			);
			runOnlyForDeploymentPostprocessing = 0;
		};
/* End PBXResourcesBuildPhase section */

/* Begin PBXSourcesBuildPhase section */
		C603949B1B7508F900D79FA7 /* Sources */ = {
			isa = PBXSourcesBuildPhase;
			buildActionMask = 2147483647;
			files = (
				C60394A71B7508F900D79FA7 /* ViewController.swift in Sources */,
				C60394A51B7508F900D79FA7 /* AppDelegate.swift in Sources */,
			);
			runOnlyForDeploymentPostprocessing = 0;
		};
		C60394B01B7508F900D79FA7 /* Sources */ = {
			isa = PBXSourcesBuildPhase;
			buildActionMask = 2147483647;
			files = (
				C60394BB1B7508F900D79FA7 /* CustomScrollViewTests.swift in Sources */,
			);
			runOnlyForDeploymentPostprocessing = 0;
		};
/* End PBXSourcesBuildPhase section */

/* Begin PBXTargetDependency section */
		C60394B61B7508F900D79FA7 /* PBXTargetDependency */ = {
			isa = PBXTargetDependency;
			target = C603949E1B7508F900D79FA7 /* CustomScrollView */;
			targetProxy = C60394B51B7508F900D79FA7 /* PBXContainerItemProxy */;
		};
/* End PBXTargetDependency section */

/* Begin PBXVariantGroup section */
		C60394A81B7508F900D79FA7 /* Main.storyboard */ = {
			isa = PBXVariantGroup;
			children = (
				C60394A91B7508F900D79FA7 /* Base */,
			);
			name = Main.storyboard;
			sourceTree = "<group>";
		};
		C60394AD1B7508F900D79FA7 /* LaunchScreen.xib */ = {
			isa = PBXVariantGroup;
			children = (
				C60394AE1B7508F900D79FA7 /* Base */,
			);
			name = LaunchScreen.xib;
			sourceTree = "<group>";
		};
/* End PBXVariantGroup section */

/* Begin XCBuildConfiguration section */
		C60394BC1B7508F900D79FA7 /* Debug */ = {
			isa = XCBuildConfiguration;
			buildSettings = {
				ALWAYS_SEARCH_USER_PATHS = NO;
				CLANG_CXX_LANGUAGE_STANDARD = "gnu++0x";
				CLANG_CXX_LIBRARY = "libc++";
				CLANG_ENABLE_MODULES = YES;
				CLANG_ENABLE_OBJC_ARC = YES;
				CLANG_WARN_BOOL_CONVERSION = YES;
				CLANG_WARN_CONSTANT_CONVERSION = YES;
				CLANG_WARN_DIRECT_OBJC_ISA_USAGE = YES_ERROR;
				CLANG_WARN_EMPTY_BODY = YES;
				CLANG_WARN_ENUM_CONVERSION = YES;
				CLANG_WARN_INT_CONVERSION = YES;
				CLANG_WARN_OBJC_ROOT_CLASS = YES_ERROR;
				CLANG_WARN_UNREACHABLE_CODE = YES;
				CLANG_WARN__DUPLICATE_METHOD_MATCH = YES;
				"CODE_SIGN_IDENTITY[sdk=iphoneos*]" = "iPhone Developer";
				COPY_PHASE_STRIP = NO;
				DEBUG_INFORMATION_FORMAT = "dwarf-with-dsym";
				ENABLE_STRICT_OBJC_MSGSEND = YES;
				GCC_C_LANGUAGE_STANDARD = gnu99;
				GCC_DYNAMIC_NO_PIC = NO;
				GCC_NO_COMMON_BLOCKS = YES;
				GCC_OPTIMIZATION_LEVEL = 0;
				GCC_PREPROCESSOR_DEFINITIONS = (
					"DEBUG=1",
					"$(inherited)",
				);
				GCC_SYMBOLS_PRIVATE_EXTERN = NO;
				GCC_WARN_64_TO_32_BIT_CONVERSION = YES;
				GCC_WARN_ABOUT_RETURN_TYPE = YES_ERROR;
				GCC_WARN_UNDECLARED_SELECTOR = YES;
				GCC_WARN_UNINITIALIZED_AUTOS = YES_AGGRESSIVE;
				GCC_WARN_UNUSED_FUNCTION = YES;
				GCC_WARN_UNUSED_VARIABLE = YES;
				IPHONEOS_DEPLOYMENT_TARGET = 8.4;
				MTL_ENABLE_DEBUG_INFO = YES;
				ONLY_ACTIVE_ARCH = YES;
				SDKROOT = iphoneos;
				SWIFT_OPTIMIZATION_LEVEL = "-Onone";
			};
			name = Debug;
		};
		C60394BD1B7508F900D79FA7 /* Release */ = {
			isa = XCBuildConfiguration;
			buildSettings = {
				ALWAYS_SEARCH_USER_PATHS = NO;
				CLANG_CXX_LANGUAGE_STANDARD = "gnu++0x";
				CLANG_CXX_LIBRARY = "libc++";
				CLANG_ENABLE_MODULES = YES;
				CLANG_ENABLE_OBJC_ARC = YES;
				CLANG_WARN_BOOL_CONVERSION = YES;
				CLANG_WARN_CONSTANT_CONVERSION = YES;
				CLANG_WARN_DIRECT_OBJC_ISA_USAGE = YES_ERROR;
				CLANG_WARN_EMPTY_BODY = YES;
				CLANG_WARN_ENUM_CONVERSION = YES;
				CLANG_WARN_INT_CONVERSION = YES;
				CLANG_WARN_OBJC_ROOT_CLASS = YES_ERROR;
				CLANG_WARN_UNREACHABLE_CODE = YES;
				CLANG_WARN__DUPLICATE_METHOD_MATCH = YES;
				"CODE_SIGN_IDENTITY[sdk=iphoneos*]" = "iPhone Developer";
				COPY_PHASE_STRIP = NO;
				DEBUG_INFORMATION_FORMAT = "dwarf-with-dsym";
				ENABLE_NS_ASSERTIONS = NO;
				ENABLE_STRICT_OBJC_MSGSEND = YES;
				GCC_C_LANGUAGE_STANDARD = gnu99;
				GCC_NO_COMMON_BLOCKS = YES;
				GCC_WARN_64_TO_32_BIT_CONVERSION = YES;
				GCC_WARN_ABOUT_RETURN_TYPE = YES_ERROR;
				GCC_WARN_UNDECLARED_SELECTOR = YES;
				GCC_WARN_UNINITIALIZED_AUTOS = YES_AGGRESSIVE;
				GCC_WARN_UNUSED_FUNCTION = YES;
				GCC_WARN_UNUSED_VARIABLE = YES;
				IPHONEOS_DEPLOYMENT_TARGET = 8.4;
				MTL_ENABLE_DEBUG_INFO = NO;
				SDKROOT = iphoneos;
				VALIDATE_PRODUCT = YES;
			};
			name = Release;
		};
		C60394BF1B7508F900D79FA7 /* Debug */ = {
			isa = XCBuildConfiguration;
			buildSettings = {
				ASSETCATALOG_COMPILER_APPICON_NAME = AppIcon;
				INFOPLIST_FILE = CustomScrollView/Info.plist;
				LD_RUNPATH_SEARCH_PATHS = "$(inherited) @executable_path/Frameworks";
				PRODUCT_NAME = "$(TARGET_NAME)";
			};
			name = Debug;
		};
		C60394C01B7508F900D79FA7 /* Release */ = {
			isa = XCBuildConfiguration;
			buildSettings = {
				ASSETCATALOG_COMPILER_APPICON_NAME = AppIcon;
				INFOPLIST_FILE = CustomScrollView/Info.plist;
				LD_RUNPATH_SEARCH_PATHS = "$(inherited) @executable_path/Frameworks";
				PRODUCT_NAME = "$(TARGET_NAME)";
			};
			name = Release;
		};
		C60394C21B7508F900D79FA7 /* Debug */ = {
			isa = XCBuildConfiguration;
			buildSettings = {
				BUNDLE_LOADER = "$(TEST_HOST)";
				FRAMEWORK_SEARCH_PATHS = (
					"$(SDKROOT)/Developer/Library/Frameworks",
					"$(inherited)",
				);
				GCC_PREPROCESSOR_DEFINITIONS = (
					"DEBUG=1",
					"$(inherited)",
				);
				INFOPLIST_FILE = CustomScrollViewTests/Info.plist;
				LD_RUNPATH_SEARCH_PATHS = "$(inherited) @executable_path/Frameworks @loader_path/Frameworks";
				PRODUCT_NAME = "$(TARGET_NAME)";
				TEST_HOST = "$(BUILT_PRODUCTS_DIR)/CustomScrollView.app/CustomScrollView";
			};
			name = Debug;
		};
		C60394C31B7508F900D79FA7 /* Release */ = {
			isa = XCBuildConfiguration;
			buildSettings = {
				BUNDLE_LOADER = "$(TEST_HOST)";
				FRAMEWORK_SEARCH_PATHS = (
					"$(SDKROOT)/Developer/Library/Frameworks",
					"$(inherited)",
				);
				INFOPLIST_FILE = CustomScrollViewTests/Info.plist;
				LD_RUNPATH_SEARCH_PATHS = "$(inherited) @executable_path/Frameworks @loader_path/Frameworks";
				PRODUCT_NAME = "$(TARGET_NAME)";
				TEST_HOST = "$(BUILT_PRODUCTS_DIR)/CustomScrollView.app/CustomScrollView";
			};
			name = Release;
		};
/* End XCBuildConfiguration section */

/* Begin XCConfigurationList section */
		C603949A1B7508F900D79FA7 /* Build configuration list for PBXProject "CustomScrollView" */ = {
			isa = XCConfigurationList;
			buildConfigurations = (
				C60394BC1B7508F900D79FA7 /* Debug */,
				C60394BD1B7508F900D79FA7 /* Release */,
			);
			defaultConfigurationIsVisible = 0;
			defaultConfigurationName = Release;
		};
		C60394BE1B7508F900D79FA7 /* Build configuration list for PBXNativeTarget "CustomScrollView" */ = {
			isa = XCConfigurationList;
			buildConfigurations = (
				C60394BF1B7508F900D79FA7 /* Debug */,
				C60394C01B7508F900D79FA7 /* Release */,
			);
			defaultConfigurationIsVisible = 0;
			defaultConfigurationName = Release;
		};
		C60394C11B7508F900D79FA7 /* Build configuration list for PBXNativeTarget "CustomScrollViewTests" */ = {
			isa = XCConfigurationList;
			buildConfigurations = (
				C60394C21B7508F900D79FA7 /* Debug */,
				C60394C31B7508F900D79FA7 /* Release */,
			);
			defaultConfigurationIsVisible = 0;
			defaultConfigurationName = Release;
		};
/* End XCConfigurationList section */
	};
	rootObject = C60394971B7508F900D79FA7 /* Project object */;
}
